
Microsoft Visual Studio Solution File, Format Version 12.00
# Visual Studio Version 17
VisualStudioVersion = 17.0.31903.59
MinimumVisualStudioVersion = 10.0.40219.1
Project("{2150E333-8FDC-42A3-9474-1A3956D46DE8}") = "src", "src", "{827E0CD3-B72D-47B6-A68D-7590B98EB39B}"
EndProject
Project("{2150E333-8FDC-42A3-9474-1A3956D46DE8}") = "Domain", "Domain", "{8B290487-4C16-E85E-E807-F579CBE9FC4D}"
EndProject
Project("{2150E333-8FDC-42A3-9474-1A3956D46DE8}") = "DomainModel", "DomainModel", "{770C4995-ACC3-BE73-C1E9-54222D88FF31}"
EndProject
Project("{FAE04EC0-301F-11D3-BF4B-00C04F79EFBC}") = "LoyalCustomerDetection.DomainModel", "src\Domain\DomainModel\LoyalCustomerDetection.DomainModel.csproj", "{7F361E51-D09A-4D99-A212-19934126D533}"
EndProject
Project("{2150E333-8FDC-42A3-9474-1A3956D46DE8}") = "DomainService", "DomainService", "{58BEE7C8-82B4-5ADD-791C-49F2FD745073}"
EndProject
Project("{FAE04EC0-301F-11D3-BF4B-00C04F79EFBC}") = "LoyalCustomerDetection.DomainService", "src\Domain\DomainService\LoyalCustomerDetection.DomainService.csproj", "{35B872FA-F736-47CE-8ED1-AC1EE7A69D45}"
EndProject
Project("{2150E333-8FDC-42A3-9474-1A3956D46DE8}") = "Infrastructure", "Infrastructure", "{9048EB7F-3875-A59E-E36B-5BD4C6F2A282}"
EndProject
Project("{FAE04EC0-301F-11D3-BF4B-00C04F79EFBC}") = "LoyalCustomerDetection.Infrastructure", "src\Infrastructure\LoyalCustomerDetection.Infrastructure.csproj", "{30E3EBBE-F6BE-4E84-A8DD-01394BFFD363}"
EndProject
Project("{2150E333-8FDC-42A3-9474-1A3956D46DE8}") = "Presentation", "Presentation", "{6996BBF7-DB31-59BC-C7DD-9A7CCC6138C4}"
EndProject
Project("{FAE04EC0-301F-11D3-BF4B-00C04F79EFBC}") = "LoyalCustomerDetection.Presentation", "src\Presentation\LoyalCustomerDetection.Presentation.csproj", "{4A960143-CC57-45CE-A094-B0ADFD03560C}"
EndProject
Project("{2150E333-8FDC-42A3-9474-1A3956D46DE8}") = "Application", "Application", "{22BAF98C-8415-17C4-B26A-D537657BC863}"
EndProject
Project("{FAE04EC0-301F-11D3-BF4B-00C04F79EFBC}") = "LoyalCustomerDetection.Application", "src\Application\LoyalCustomerDetection.Application.csproj", "{FC78A0B5-E33E-4A9F-888A-61D7E1A4BC37}"
EndProject
Project("{2150E333-8FDC-42A3-9474-1A3956D46DE8}") = "DomainService.Test", "DomainService.Test", "{C3225E32-9643-8DFB-0AFA-425641CF7993}"
EndProject
Project("{FAE04EC0-301F-11D3-BF4B-00C04F79EFBC}") = "LoyalCustomerDetection.DomainService.Test", "src\Domain\DomainService.Test\LoyalCustomerDetection.DomainService.Test.csproj", "{797213CD-0C14-48A9-81A8-532D4C386977}"
EndProject
Global
	GlobalSection(SolutionConfigurationPlatforms) = preSolution
		Debug|Any CPU = Debug|Any CPU
		Debug|x64 = Debug|x64
		Debug|x86 = Debug|x86
		Release|Any CPU = Release|Any CPU
		Release|x64 = Release|x64
		Release|x86 = Release|x86
	EndGlobalSection
	GlobalSection(ProjectConfigurationPlatforms) = postSolution
		{7F361E51-D09A-4D99-A212-19934126D533}.Debug|Any CPU.ActiveCfg = Debug|Any CPU
		{7F361E51-D09A-4D99-A212-19934126D533}.Debug|Any CPU.Build.0 = Debug|Any CPU
		{7F361E51-D09A-4D99-A212-19934126D533}.Debug|x64.ActiveCfg = Debug|Any CPU
		{7F361E51-D09A-4D99-A212-19934126D533}.Debug|x64.Build.0 = Debug|Any CPU
		{7F361E51-D09A-4D99-A212-19934126D533}.Debug|x86.ActiveCfg = Debug|Any CPU
		{7F361E51-D09A-4D99-A212-19934126D533}.Debug|x86.Build.0 = Debug|Any CPU
		{7F361E51-D09A-4D99-A212-19934126D533}.Release|Any CPU.ActiveCfg = Release|Any CPU
		{7F361E51-D09A-4D99-A212-19934126D533}.Release|Any CPU.Build.0 = Release|Any CPU
		{7F361E51-D09A-4D99-A212-19934126D533}.Release|x64.ActiveCfg = Release|Any CPU
		{7F361E51-D09A-4D99-A212-19934126D533}.Release|x64.Build.0 = Release|Any CPU
		{7F361E51-D09A-4D99-A212-19934126D533}.Release|x86.ActiveCfg = Release|Any CPU
		{7F361E51-D09A-4D99-A212-19934126D533}.Release|x86.Build.0 = Release|Any CPU
		{35B872FA-F736-47CE-8ED1-AC1EE7A69D45}.Debug|Any CPU.ActiveCfg = Debug|Any CPU
		{35B872FA-F736-47CE-8ED1-AC1EE7A69D45}.Debug|Any CPU.Build.0 = Debug|Any CPU
		{35B872FA-F736-47CE-8ED1-AC1EE7A69D45}.Debug|x64.ActiveCfg = Debug|Any CPU
		{35B872FA-F736-47CE-8ED1-AC1EE7A69D45}.Debug|x64.Build.0 = Debug|Any CPU
		{35B872FA-F736-47CE-8ED1-AC1EE7A69D45}.Debug|x86.ActiveCfg = Debug|Any CPU
		{35B872FA-F736-47CE-8ED1-AC1EE7A69D45}.Debug|x86.Build.0 = Debug|Any CPU
		{35B872FA-F736-47CE-8ED1-AC1EE7A69D45}.Release|Any CPU.ActiveCfg = Release|Any CPU
		{35B872FA-F736-47CE-8ED1-AC1EE7A69D45}.Release|Any CPU.Build.0 = Release|Any CPU
		{35B872FA-F736-47CE-8ED1-AC1EE7A69D45}.Release|x64.ActiveCfg = Release|Any CPU
		{35B872FA-F736-47CE-8ED1-AC1EE7A69D45}.Release|x64.Build.0 = Release|Any CPU
		{35B872FA-F736-47CE-8ED1-AC1EE7A69D45}.Release|x86.ActiveCfg = Release|Any CPU
		{35B872FA-F736-47CE-8ED1-AC1EE7A69D45}.Release|x86.Build.0 = Release|Any CPU
		{30E3EBBE-F6BE-4E84-A8DD-01394BFFD363}.Debug|Any CPU.ActiveCfg = Debug|Any CPU
		{30E3EBBE-F6BE-4E84-A8DD-01394BFFD363}.Debug|Any CPU.Build.0 = Debug|Any CPU
		{30E3EBBE-F6BE-4E84-A8DD-01394BFFD363}.Debug|x64.ActiveCfg = Debug|Any CPU
		{30E3EBBE-F6BE-4E84-A8DD-01394BFFD363}.Debug|x64.Build.0 = Debug|Any CPU
		{30E3EBBE-F6BE-4E84-A8DD-01394BFFD363}.Debug|x86.ActiveCfg = Debug|Any CPU
		{30E3EBBE-F6BE-4E84-A8DD-01394BFFD363}.Debug|x86.Build.0 = Debug|Any CPU
		{30E3EBBE-F6BE-4E84-A8DD-01394BFFD363}.Release|Any CPU.ActiveCfg = Release|Any CPU
		{30E3EBBE-F6BE-4E84-A8DD-01394BFFD363}.Release|Any CPU.Build.0 = Release|Any CPU
		{30E3EBBE-F6BE-4E84-A8DD-01394BFFD363}.Release|x64.ActiveCfg = Release|Any CPU
		{30E3EBBE-F6BE-4E84-A8DD-01394BFFD363}.Release|x64.Build.0 = Release|Any CPU
		{30E3EBBE-F6BE-4E84-A8DD-01394BFFD363}.Release|x86.ActiveCfg = Release|Any CPU
		{30E3EBBE-F6BE-4E84-A8DD-01394BFFD363}.Release|x86.Build.0 = Release|Any CPU
		{4A960143-CC57-45CE-A094-B0ADFD03560C}.Debug|Any CPU.ActiveCfg = Debug|Any CPU
		{4A960143-CC57-45CE-A094-B0ADFD03560C}.Debug|Any CPU.Build.0 = Debug|Any CPU
		{4A960143-CC57-45CE-A094-B0ADFD03560C}.Debug|x64.ActiveCfg = Debug|Any CPU
		{4A960143-CC57-45CE-A094-B0ADFD03560C}.Debug|x64.Build.0 = Debug|Any CPU
		{4A960143-CC57-45CE-A094-B0ADFD03560C}.Debug|x86.ActiveCfg = Debug|Any CPU
		{4A960143-CC57-45CE-A094-B0ADFD03560C}.Debug|x86.Build.0 = Debug|Any CPU
		{4A960143-CC57-45CE-A094-B0ADFD03560C}.Release|Any CPU.ActiveCfg = Release|Any CPU
		{4A960143-CC57-45CE-A094-B0ADFD03560C}.Release|Any CPU.Build.0 = Release|Any CPU
		{4A960143-CC57-45CE-A094-B0ADFD03560C}.Release|x64.ActiveCfg = Release|Any CPU
		{4A960143-CC57-45CE-A094-B0ADFD03560C}.Release|x64.Build.0 = Release|Any CPU
		{4A960143-CC57-45CE-A094-B0ADFD03560C}.Release|x86.ActiveCfg = Release|Any CPU
		{4A960143-CC57-45CE-A094-B0ADFD03560C}.Release|x86.Build.0 = Release|Any CPU
		{FC78A0B5-E33E-4A9F-888A-61D7E1A4BC37}.Debug|Any CPU.ActiveCfg = Debug|Any CPU
		{FC78A0B5-E33E-4A9F-888A-61D7E1A4BC37}.Debug|Any CPU.Build.0 = Debug|Any CPU
		{FC78A0B5-E33E-4A9F-888A-61D7E1A4BC37}.Debug|x64.ActiveCfg = Debug|Any CPU
		{FC78A0B5-E33E-4A9F-888A-61D7E1A4BC37}.Debug|x64.Build.0 = Debug|Any CPU
		{FC78A0B5-E33E-4A9F-888A-61D7E1A4BC37}.Debug|x86.ActiveCfg = Debug|Any CPU
		{FC78A0B5-E33E-4A9F-888A-61D7E1A4BC37}.Debug|x86.Build.0 = Debug|Any CPU
		{FC78A0B5-E33E-4A9F-888A-61D7E1A4BC37}.Release|Any CPU.ActiveCfg = Release|Any CPU
		{FC78A0B5-E33E-4A9F-888A-61D7E1A4BC37}.Release|Any CPU.Build.0 = Release|Any CPU
		{FC78A0B5-E33E-4A9F-888A-61D7E1A4BC37}.Release|x64.ActiveCfg = Release|Any CPU
		{FC78A0B5-E33E-4A9F-888A-61D7E1A4BC37}.Release|x64.Build.0 = Release|Any CPU
		{FC78A0B5-E33E-4A9F-888A-61D7E1A4BC37}.Release|x86.ActiveCfg = Release|Any CPU
		{FC78A0B5-E33E-4A9F-888A-61D7E1A4BC37}.Release|x86.Build.0 = Release|Any CPU
		{797213CD-0C14-48A9-81A8-532D4C386977}.Debug|Any CPU.ActiveCfg = Debug|Any CPU
		{797213CD-0C14-48A9-81A8-532D4C386977}.Debug|Any CPU.Build.0 = Debug|Any CPU
		{797213CD-0C14-48A9-81A8-532D4C386977}.Debug|x64.ActiveCfg = Debug|Any CPU
		{797213CD-0C14-48A9-81A8-532D4C386977}.Debug|x64.Build.0 = Debug|Any CPU
		{797213CD-0C14-48A9-81A8-532D4C386977}.Debug|x86.ActiveCfg = Debug|Any CPU
		{797213CD-0C14-48A9-81A8-532D4C386977}.Debug|x86.Build.0 = Debug|Any CPU
		{797213CD-0C14-48A9-81A8-532D4C386977}.Release|Any CPU.ActiveCfg = Release|Any CPU
		{797213CD-0C14-48A9-81A8-532D4C386977}.Release|Any CPU.Build.0 = Release|Any CPU
		{797213CD-0C14-48A9-81A8-532D4C386977}.Release|x64.ActiveCfg = Release|Any CPU
		{797213CD-0C14-48A9-81A8-532D4C386977}.Release|x64.Build.0 = Release|Any CPU
		{797213CD-0C14-48A9-81A8-532D4C386977}.Release|x86.ActiveCfg = Release|Any CPU
		{797213CD-0C14-48A9-81A8-532D4C386977}.Release|x86.Build.0 = Release|Any CPU
	EndGlobalSection
	GlobalSection(SolutionProperties) = preSolution
		HideSolutionNode = FALSE
	EndGlobalSection
	GlobalSection(NestedProjects) = preSolution
		{8B290487-4C16-E85E-E807-F579CBE9FC4D} = {827E0CD3-B72D-47B6-A68D-7590B98EB39B}
		{770C4995-ACC3-BE73-C1E9-54222D88FF31} = {8B290487-4C16-E85E-E807-F579CBE9FC4D}
		{7F361E51-D09A-4D99-A212-19934126D533} = {770C4995-ACC3-BE73-C1E9-54222D88FF31}
		{58BEE7C8-82B4-5ADD-791C-49F2FD745073} = {8B290487-4C16-E85E-E807-F579CBE9FC4D}
		{35B872FA-F736-47CE-8ED1-AC1EE7A69D45} = {58BEE7C8-82B4-5ADD-791C-49F2FD745073}
		{9048EB7F-3875-A59E-E36B-5BD4C6F2A282} = {827E0CD3-B72D-47B6-A68D-7590B98EB39B}
		{30E3EBBE-F6BE-4E84-A8DD-01394BFFD363} = {9048EB7F-3875-A59E-E36B-5BD4C6F2A282}
		{6996BBF7-DB31-59BC-C7DD-9A7CCC6138C4} = {827E0CD3-B72D-47B6-A68D-7590B98EB39B}
		{4A960143-CC57-45CE-A094-B0ADFD03560C} = {6996BBF7-DB31-59BC-C7DD-9A7CCC6138C4}
		{22BAF98C-8415-17C4-B26A-D537657BC863} = {827E0CD3-B72D-47B6-A68D-7590B98EB39B}
		{FC78A0B5-E33E-4A9F-888A-61D7E1A4BC37} = {22BAF98C-8415-17C4-B26A-D537657BC863}
		{C3225E32-9643-8DFB-0AFA-425641CF7993} = {8B290487-4C16-E85E-E807-F579CBE9FC4D}
		{797213CD-0C14-48A9-81A8-532D4C386977} = {C3225E32-9643-8DFB-0AFA-425641CF7993}
	EndGlobalSection
EndGlobal
